{
    "name": "pkg-test",
    "version": "1.0.0",
    "lockfileVersion": 3,
    "requires": true,
    "packages": {
        "": {
            "name": "pkg-test",
            "version": "1.0.0",
            "license": "ISC",
            "dependencies": {
                "mozithermocalcdb": "file:../../mozithermocalcdb-0.1.0.tgz"
            }
        },
        "node_modules/argparse": {
            "version": "2.0.1",
            "resolved": "https://registry.npmjs.org/argparse/-/argparse-2.0.1.tgz",
            "integrity": "sha512-8+9WqebbFzpX9OR+Wa6O29asIogeRMzcGtAINdpMHHyAg10f05aSFVBbcEqGf/PXw1EjAZ+q2/bEBg3DvurK3Q==",
            "license": "Python-2.0"
        },
        "node_modules/install": {
            "version": "0.13.0",
            "resolved": "https://registry.npmjs.org/install/-/install-0.13.0.tgz",
            "integrity": "sha512-zDml/jzr2PKU9I8J/xyZBQn8rPCAY//UOYNmR01XwNwyfhEWObo2SWfSl1+0tm1u6PhxLwDnfsT/6jB7OUxqFA==",
            "license": "MIT",
            "engines": {
                "node": ">= 0.10"
            }
        },
        "node_modules/js-yaml": {
            "version": "4.1.1",
            "resolved": "https://registry.npmjs.org/js-yaml/-/js-yaml-4.1.1.tgz",
            "integrity": "sha512-qQKT4zQxXl8lLwBtHMWwaTcGfFOZviOJet3Oy/xmGk2gZH677CJM9EvtfdSkgWcATZhj/55JZ0rmy3myCT5lsA==",
            "license": "MIT",
            "dependencies": {
                "argparse": "^2.0.1"
            },
            "bin": {
                "js-yaml": "bin/js-yaml.js"
            }
        },
        "node_modules/mozicuc": {
            "version": "1.1.1",
            "resolved": "https://registry.npmjs.org/mozicuc/-/mozicuc-1.1.1.tgz",
            "integrity": "sha512-m8VaiPkoj/WNmmLG37fd6RNrhfqIc2TmqjG80CZZLYkCLOpEHVBqyZ+P7f+I5MusMR7XKJ0a1is7qYXNepDstA==",
            "license": "MIT",
            "dependencies": {
                "js-yaml": "^4.1.1"
            }
        },
        "node_modules/mozithermocalcdb": {
            "version": "0.1.0",
            "resolved": "file:../../mozithermocalcdb-0.1.0.tgz",
            "integrity": "sha512-Z8mo+ZLR5YNYggjgPts4C/vsacUi2tAxQGyVMp0bu0HNKHbeSKvFg/SR7pheelPwsPk/jPsl3hdHxZIcayLzWw==",
            "license": "Apache-2.0",
            "dependencies": {
                "mozicuc": "^1.1.1",
                "mozithermodb": "^1.1.0",
                "mozithermodb-settings": "^1.1.4"
            }
        },
        "node_modules/mozithermodb": {
            "version": "1.1.0",
            "resolved": "https://registry.npmjs.org/mozithermodb/-/mozithermodb-1.1.0.tgz",
            "integrity": "sha512-Nw2B4eqjv8Bw5UOiT7CY7eJLuBR5hQnhkRo+K+B5NFb1iZX976X6mQ9qfMIsNBvB3E8m2eRpST+qu1Cj78Hvvg==",
            "license": "Apache-2.0",
            "dependencies": {
                "install": "^0.13.0",
                "mozithermodb-settings": "^1.1.4"
            }
        },
        "node_modules/mozithermodb-settings": {
            "version": "1.1.4",
            "resolved": "https://registry.npmjs.org/mozithermodb-settings/-/mozithermodb-settings-1.1.4.tgz",
            "integrity": "sha512-nSlidlSmG/kDaJ4u0nuxRE+eucFGgCl+htO4rzwir5FHTOYoJ0u2LVSts3xOqgUbvHkp3ZuIBcFACNhNrP9POw==",
            "license": "Apache-2.0",
            "dependencies": {
                "zod": "^4.3.6"
            }
        },
        "node_modules/zod": {
            "version": "4.3.6",
            "resolved": "https://registry.npmjs.org/zod/-/zod-4.3.6.tgz",
            "integrity": "sha512-rftlrkhHZOcjDwkGlnUtZZkvaPHCsDATp4pGpuOOMDaTdDDXF91wuVDJoWoPsKX/3YPQ5fHuF3STjcYyKr+Qhg==",
            "license": "MIT",
            "funding": {
                "url": "https://github.com/sponsors/colinhacks"
            }
        }
    }
}
